
Microsoft Visual Studio Solution File, Format Version 12.00
# Visual Studio Version 17
VisualStudioVersion = 17.9.34723.18
MinimumVisualStudioVersion = 10.0.40219.1
Project("{FAE04EC0-301F-11D3-BF4B-00C04F79EFBC}") = "Stochastica", "Stochastica\Stochastica.csproj", "{301D605B-EAD3-44AC-9BEF-986F722EA18C}"
EndProject
Global
	GlobalSection(SolutionConfigurationPlatforms) = preSolution
		Debug|Any CPU = Debug|Any CPU
		Release|Any CPU = Release|Any CPU
	EndGlobalSection
	GlobalSection(ProjectConfigurationPlatforms) = postSolution
		{301D605B-EAD3-44AC-9BEF-986F722EA18C}.Debug|Any CPU.ActiveCfg = Debug|Any CPU
		{301D605B-EAD3-44AC-9BEF-986F722EA18C}.Debug|Any CPU.Build.0 = Debug|Any CPU
		{301D605B-EAD3-44AC-9BEF-986F722EA18C}.Debug|Any CPU.Deploy.0 = Debug|Any CPU
		{301D605B-EAD3-44AC-9BEF-986F722EA18C}.Release|Any CPU.ActiveCfg = Release|Any CPU
		{301D605B-EAD3-44AC-9BEF-986F722EA18C}.Release|Any CPU.Build.0 = Release|Any CPU
		{301D605B-EAD3-44AC-9BEF-986F722EA18C}.Release|Any CPU.Deploy.0 = Release|Any CPU
	EndGlobalSection
	GlobalSection(SolutionProperties) = preSolution
		HideSolutionNode = FALSE
	EndGlobalSection
	GlobalSection(ExtensibilityGlobals) = postSolution
		SolutionGuid = {C75890C6-97C9-4F21-AA83-DDFCE04DE40D}
	EndGlobalSection
EndGlobal
